// !$*UTF8*$!
{
	archiveVersion = 1;
	classes = {
	};
	objectVersion = 55;
	objects = {

/* Begin PBXBuildFile section */
		680FD3042698B2E0008F3958 /* MyApp.swift in Sources */ = {isa = PBXBuildFile; fileRef = 680FD3032698B2E0008F3958 /* MyApp.swift */; };
		680FD30F2698B2F5008F3958 /* MyApp.swift in Sources */ = {isa = PBXBuildFile; fileRef = 680FD30E2698B2F5008F3958 /* MyApp.swift */; };
		680FD31A2698B4D7008F3958 /* MyApp.swift in Sources */ = {isa = PBXBuildFile; fileRef = 680FD3192698B4D7008F3958 /* MyApp.swift */; };
		6827FC5E269A9CE300745A36 /* MyApp.swift in Sources */ = {isa = PBXBuildFile; fileRef = 6827FC5D269A9CE300745A36 /* MyApp.swift */; };
		6827FC69269D2E2B00745A36 /* MyApp.swift in Sources */ = {isa = PBXBuildFile; fileRef = 6827FC68269D2E2B00745A36 /* MyApp.swift */; };
		6827FC74269D6B4500745A36 /* MyApp.swift in Sources */ = {isa = PBXBuildFile; fileRef = 6827FC73269D6B4500745A36 /* MyApp.swift */; };
		6842FC112696B9DA0088AD7F /* main.swift in Sources */ = {isa = PBXBuildFile; fileRef = 6842FC102696B9DA0088AD7F /* main.swift */; };
		684DCAFE26A5292D0051C372 /* MyApp.swift in Sources */ = {isa = PBXBuildFile; fileRef = 684DCAFD26A5292D0051C372 /* MyApp.swift */; };
		6861E27426AC0E7A00281A48 /* MyApp.swift in Sources */ = {isa = PBXBuildFile; fileRef = 6861E27326AC0E7A00281A48 /* MyApp.swift */; };
		688492F026AABA3500937CF2 /* MyApp.swift in Sources */ = {isa = PBXBuildFile; fileRef = 688492EF26AABA3500937CF2 /* MyApp.swift */; };
		6893B81526AE5DA1003E3F0D /* MyApp.swift in Sources */ = {isa = PBXBuildFile; fileRef = 6893B81426AE5DA1003E3F0D /* MyApp.swift */; };
		6893B82B26AFC503003E3F0D /* MyApp.swift in Sources */ = {isa = PBXBuildFile; fileRef = 6893B82A26AFC503003E3F0D /* MyApp.swift */; };
		68ABD54626A976BB002763E0 /* MyApp.swift in Sources */ = {isa = PBXBuildFile; fileRef = 68ABD54526A976BB002763E0 /* MyApp.swift */; };
		68ED324826BD2C80003053D8 /* AppDelegate.swift in Sources */ = {isa = PBXBuildFile; fileRef = 68ED324726BD2C80003053D8 /* AppDelegate.swift */; };
		68ED324A26BD2C80003053D8 /* SceneDelegate.swift in Sources */ = {isa = PBXBuildFile; fileRef = 68ED324926BD2C80003053D8 /* SceneDelegate.swift */; };
		68ED324C26BD2C80003053D8 /* ViewController.swift in Sources */ = {isa = PBXBuildFile; fileRef = 68ED324B26BD2C80003053D8 /* ViewController.swift */; };
		68ED324F26BD2C81003053D8 /* Main.storyboard in Resources */ = {isa = PBXBuildFile; fileRef = 68ED324D26BD2C80003053D8 /* Main.storyboard */; };
		68ED325126BD2C82003053D8 /* Assets.xcassets in Resources */ = {isa = PBXBuildFile; fileRef = 68ED325026BD2C82003053D8 /* Assets.xcassets */; };
		68ED325426BD2C82003053D8 /* LaunchScreen.storyboard in Resources */ = {isa = PBXBuildFile; fileRef = 68ED325226BD2C82003053D8 /* LaunchScreen.storyboard */; };
		68F5B14226B256CB003824A0 /* MyApp.swift in Sources */ = {isa = PBXBuildFile; fileRef = 68F5B14126B256CB003824A0 /* MyApp.swift */; };
/* End PBXBuildFile section */

/* Begin PBXCopyFilesBuildPhase section */
		680FD2FF2698B2E0008F3958 /* CopyFiles */ = {
			isa = PBXCopyFilesBuildPhase;
			buildActionMask = 2147483647;
			dstPath = /usr/share/man/man1/;
			dstSubfolderSpec = 0;
			files = (
			);
			runOnlyForDeploymentPostprocessing = 1;
		};
		680FD30A2698B2F4008F3958 /* CopyFiles */ = {
			isa = PBXCopyFilesBuildPhase;
			buildActionMask = 2147483647;
			dstPath = /usr/share/man/man1/;
			dstSubfolderSpec = 0;
			files = (
			);
			runOnlyForDeploymentPostprocessing = 1;
		};
		680FD3152698B4D7008F3958 /* CopyFiles */ = {
			isa = PBXCopyFilesBuildPhase;
			buildActionMask = 2147483647;
			dstPath = /usr/share/man/man1/;
			dstSubfolderSpec = 0;
			files = (
			);
			runOnlyForDeploymentPostprocessing = 1;
		};
		6827FC59269A9CE300745A36 /* CopyFiles */ = {
			isa = PBXCopyFilesBuildPhase;
			buildActionMask = 2147483647;
			dstPath = /usr/share/man/man1/;
			dstSubfolderSpec = 0;
			files = (
			);
			runOnlyForDeploymentPostprocessing = 1;
		};
		6827FC64269D2E2B00745A36 /* CopyFiles */ = {
			isa = PBXCopyFilesBuildPhase;
			buildActionMask = 2147483647;
			dstPath = /usr/share/man/man1/;
			dstSubfolderSpec = 0;
			files = (
			);
			runOnlyForDeploymentPostprocessing = 1;
		};
		6827FC6F269D6B4500745A36 /* CopyFiles */ = {
			isa = PBXCopyFilesBuildPhase;
			buildActionMask = 2147483647;
			dstPath = /usr/share/man/man1/;
			dstSubfolderSpec = 0;
			files = (
			);
			runOnlyForDeploymentPostprocessing = 1;
		};
		6842FC0B2696B9DA0088AD7F /* CopyFiles */ = {
			isa = PBXCopyFilesBuildPhase;
			buildActionMask = 2147483647;
			dstPath = /usr/share/man/man1/;
			dstSubfolderSpec = 0;
			files = (
			);
			runOnlyForDeploymentPostprocessing = 1;
		};
		684DCAF926A5292D0051C372 /* CopyFiles */ = {
			isa = PBXCopyFilesBuildPhase;
			buildActionMask = 2147483647;
			dstPath = /usr/share/man/man1/;
			dstSubfolderSpec = 0;
			files = (
			);
			runOnlyForDeploymentPostprocessing = 1;
		};
		6861E26F26AC0E7A00281A48 /* CopyFiles */ = {
			isa = PBXCopyFilesBuildPhase;
			buildActionMask = 2147483647;
			dstPath = /usr/share/man/man1/;
			dstSubfolderSpec = 0;
			files = (
			);
			runOnlyForDeploymentPostprocessing = 1;
		};
		688492EB26AABA3500937CF2 /* CopyFiles */ = {
			isa = PBXCopyFilesBuildPhase;
			buildActionMask = 2147483647;
			dstPath = /usr/share/man/man1/;
			dstSubfolderSpec = 0;
			files = (
			);
			runOnlyForDeploymentPostprocessing = 1;
		};
		6893B81026AE5DA1003E3F0D /* CopyFiles */ = {
			isa = PBXCopyFilesBuildPhase;
			buildActionMask = 2147483647;
			dstPath = /usr/share/man/man1/;
			dstSubfolderSpec = 0;
			files = (
			);
			runOnlyForDeploymentPostprocessing = 1;
		};
		6893B82626AFC503003E3F0D /* CopyFiles */ = {
			isa = PBXCopyFilesBuildPhase;
			buildActionMask = 2147483647;
			dstPath = /usr/share/man/man1/;
			dstSubfolderSpec = 0;
			files = (
			);
			runOnlyForDeploymentPostprocessing = 1;
		};
		68ABD54126A976BB002763E0 /* CopyFiles */ = {
			isa = PBXCopyFilesBuildPhase;
			buildActionMask = 2147483647;
			dstPath = /usr/share/man/man1/;
			dstSubfolderSpec = 0;
			files = (
			);
			runOnlyForDeploymentPostprocessing = 1;
		};
		68F5B13D26B256CB003824A0 /* CopyFiles */ = {
			isa = PBXCopyFilesBuildPhase;
			buildActionMask = 2147483647;
			dstPath = /usr/share/man/man1/;
			dstSubfolderSpec = 0;
			files = (
			);
			runOnlyForDeploymentPostprocessing = 1;
		};
/* End PBXCopyFilesBuildPhase section */

/* Begin PBXFileReference section */
		680FD3012698B2E0008F3958 /* SE-0304-task-group */ = {isa = PBXFileReference; explicitFileType = "compiled.mach-o.executable"; includeInIndex = 0; path = "SE-0304-task-group"; sourceTree = BUILT_PRODUCTS_DIR; };
		680FD3032698B2E0008F3958 /* MyApp.swift */ = {isa = PBXFileReference; lastKnownFileType = sourcecode.swift; path = MyApp.swift; sourceTree = "<group>"; };
		680FD30C2698B2F4008F3958 /* SE-0304-throwing-task-group */ = {isa = PBXFileReference; explicitFileType = "compiled.mach-o.executable"; includeInIndex = 0; path = "SE-0304-throwing-task-group"; sourceTree = BUILT_PRODUCTS_DIR; };
		680FD30E2698B2F5008F3958 /* MyApp.swift */ = {isa = PBXFileReference; lastKnownFileType = sourcecode.swift; path = MyApp.swift; sourceTree = "<group>"; };
		680FD3172698B4D7008F3958 /* SE-0304-imporved-task-group */ = {isa = PBXFileReference; explicitFileType = "compiled.mach-o.executable"; includeInIndex = 0; path = "SE-0304-imporved-task-group"; sourceTree = BUILT_PRODUCTS_DIR; };
		680FD3192698B4D7008F3958 /* MyApp.swift */ = {isa = PBXFileReference; lastKnownFileType = sourcecode.swift; path = MyApp.swift; sourceTree = "<group>"; };
		6827FC5B269A9CE300745A36 /* SE-0304-unstructed-task */ = {isa = PBXFileReference; explicitFileType = "compiled.mach-o.executable"; includeInIndex = 0; path = "SE-0304-unstructed-task"; sourceTree = BUILT_PRODUCTS_DIR; };
		6827FC5D269A9CE300745A36 /* MyApp.swift */ = {isa = PBXFileReference; lastKnownFileType = sourcecode.swift; path = MyApp.swift; sourceTree = "<group>"; };
		6827FC66269D2E2B00745A36 /* SE-0304-detached-task */ = {isa = PBXFileReference; explicitFileType = "compiled.mach-o.executable"; includeInIndex = 0; path = "SE-0304-detached-task"; sourceTree = BUILT_PRODUCTS_DIR; };
		6827FC68269D2E2B00745A36 /* MyApp.swift */ = {isa = PBXFileReference; lastKnownFileType = sourcecode.swift; path = MyApp.swift; sourceTree = "<group>"; };
		6827FC71269D6B4500745A36 /* SE-0304-detached-task-on-actors */ = {isa = PBXFileReference; explicitFileType = "compiled.mach-o.executable"; includeInIndex = 0; path = "SE-0304-detached-task-on-actors"; sourceTree = BUILT_PRODUCTS_DIR; };
		6827FC73269D6B4500745A36 /* MyApp.swift */ = {isa = PBXFileReference; lastKnownFileType = sourcecode.swift; path = MyApp.swift; sourceTree = "<group>"; };
		6842FC0D2696B9DA0088AD7F /* WhatIsNewInSwift5.5 */ = {isa = PBXFileReference; explicitFileType = "compiled.mach-o.executable"; includeInIndex = 0; path = WhatIsNewInSwift5.5; sourceTree = BUILT_PRODUCTS_DIR; };
		6842FC102696B9DA0088AD7F /* main.swift */ = {isa = PBXFileReference; lastKnownFileType = sourcecode.swift; path = main.swift; sourceTree = "<group>"; };
		684DCAFB26A5292D0051C372 /* SE-0300-continuation */ = {isa = PBXFileReference; explicitFileType = "compiled.mach-o.executable"; includeInIndex = 0; path = "SE-0300-continuation"; sourceTree = BUILT_PRODUCTS_DIR; };
		684DCAFD26A5292D0051C372 /* MyApp.swift */ = {isa = PBXFileReference; lastKnownFileType = sourcecode.swift; path = MyApp.swift; sourceTree = "<group>"; };
		6861E27126AC0E7A00281A48 /* SE-0306-sendable-closures */ = {isa = PBXFileReference; explicitFileType = "compiled.mach-o.executable"; includeInIndex = 0; path = "SE-0306-sendable-closures"; sourceTree = BUILT_PRODUCTS_DIR; };
		6861E27326AC0E7A00281A48 /* MyApp.swift */ = {isa = PBXFileReference; lastKnownFileType = sourcecode.swift; path = MyApp.swift; sourceTree = "<group>"; };
		688492ED26AABA3500937CF2 /* SE-0306-sendable-types */ = {isa = PBXFileReference; explicitFileType = "compiled.mach-o.executable"; includeInIndex = 0; path = "SE-0306-sendable-types"; sourceTree = BUILT_PRODUCTS_DIR; };
		688492EF26AABA3500937CF2 /* MyApp.swift */ = {isa = PBXFileReference; lastKnownFileType = sourcecode.swift; path = MyApp.swift; sourceTree = "<group>"; };
		6893B81226AE5DA1003E3F0D /* SE-0306-unsafe-class-state */ = {isa = PBXFileReference; explicitFileType = "compiled.mach-o.executable"; includeInIndex = 0; path = "SE-0306-unsafe-class-state"; sourceTree = BUILT_PRODUCTS_DIR; };
		6893B81426AE5DA1003E3F0D /* MyApp.swift */ = {isa = PBXFileReference; lastKnownFileType = sourcecode.swift; path = MyApp.swift; sourceTree = "<group>"; };
		6893B82826AFC503003E3F0D /* SE-0306-reentrancy */ = {isa = PBXFileReference; explicitFileType = "compiled.mach-o.executable"; includeInIndex = 0; path = "SE-0306-reentrancy"; sourceTree = BUILT_PRODUCTS_DIR; };
		6893B82A26AFC503003E3F0D /* MyApp.swift */ = {isa = PBXFileReference; lastKnownFileType = sourcecode.swift; path = MyApp.swift; sourceTree = "<group>"; };
		68ABD54326A976BB002763E0 /* SE-0306-safe-actor-state */ = {isa = PBXFileReference; explicitFileType = "compiled.mach-o.executable"; includeInIndex = 0; path = "SE-0306-safe-actor-state"; sourceTree = BUILT_PRODUCTS_DIR; };
		68ABD54526A976BB002763E0 /* MyApp.swift */ = {isa = PBXFileReference; lastKnownFileType = sourcecode.swift; path = MyApp.swift; sourceTree = "<group>"; };
		68ED324526BD2C80003053D8 /* SE-0316-global-actor.app */ = {isa = PBXFileReference; explicitFileType = wrapper.application; includeInIndex = 0; path = "SE-0316-global-actor.app"; sourceTree = BUILT_PRODUCTS_DIR; };
		68ED324726BD2C80003053D8 /* AppDelegate.swift */ = {isa = PBXFileReference; lastKnownFileType = sourcecode.swift; path = AppDelegate.swift; sourceTree = "<group>"; };
		68ED324926BD2C80003053D8 /* SceneDelegate.swift */ = {isa = PBXFileReference; lastKnownFileType = sourcecode.swift; path = SceneDelegate.swift; sourceTree = "<group>"; };
		68ED324B26BD2C80003053D8 /* ViewController.swift */ = {isa = PBXFileReference; lastKnownFileType = sourcecode.swift; path = ViewController.swift; sourceTree = "<group>"; };
		68ED324E26BD2C80003053D8 /* Base */ = {isa = PBXFileReference; lastKnownFileType = file.storyboard; name = Base; path = Base.lproj/Main.storyboard; sourceTree = "<group>"; };
		68ED325026BD2C82003053D8 /* Assets.xcassets */ = {isa = PBXFileReference; lastKnownFileType = folder.assetcatalog; path = Assets.xcassets; sourceTree = "<group>"; };
		68ED325326BD2C82003053D8 /* Base */ = {isa = PBXFileReference; lastKnownFileType = file.storyboard; name = Base; path = Base.lproj/LaunchScreen.storyboard; sourceTree = "<group>"; };
		68ED325526BD2C82003053D8 /* Info.plist */ = {isa = PBXFileReference; lastKnownFileType = text.plist.xml; path = Info.plist; sourceTree = "<group>"; };
		68F5B13F26B256CB003824A0 /* SE-0306-actor-isolation */ = {isa = PBXFileReference; explicitFileType = "compiled.mach-o.executable"; includeInIndex = 0; path = "SE-0306-actor-isolation"; sourceTree = BUILT_PRODUCTS_DIR; };
		68F5B14126B256CB003824A0 /* MyApp.swift */ = {isa = PBXFileReference; lastKnownFileType = sourcecode.swift; path = MyApp.swift; sourceTree = "<group>"; };
/* End PBXFileReference section */

/* Begin PBXFrameworksBuildPhase section */
		680FD2FE2698B2E0008F3958 /* Frameworks */ = {
			isa = PBXFrameworksBuildPhase;
			buildActionMask = 2147483647;
			files = (
			);
			runOnlyForDeploymentPostprocessing = 0;
		};
		680FD3092698B2F4008F3958 /* Frameworks */ = {
			isa = PBXFrameworksBuildPhase;
			buildActionMask = 2147483647;
			files = (
			);
			runOnlyForDeploymentPostprocessing = 0;
		};
		680FD3142698B4D7008F3958 /* Frameworks */ = {
			isa = PBXFrameworksBuildPhase;
			buildActionMask = 2147483647;
			files = (
			);
			runOnlyForDeploymentPostprocessing = 0;
		};
		6827FC58269A9CE300745A36 /* Frameworks */ = {
			isa = PBXFrameworksBuildPhase;
			buildActionMask = 2147483647;
			files = (
			);
			runOnlyForDeploymentPostprocessing = 0;
		};
		6827FC63269D2E2B00745A36 /* Frameworks */ = {
			isa = PBXFrameworksBuildPhase;
			buildActionMask = 2147483647;
			files = (
			);
			runOnlyForDeploymentPostprocessing = 0;
		};
		6827FC6E269D6B4500745A36 /* Frameworks */ = {
			isa = PBXFrameworksBuildPhase;
			buildActionMask = 2147483647;
			files = (
			);
			runOnlyForDeploymentPostprocessing = 0;
		};
		6842FC0A2696B9DA0088AD7F /* Frameworks */ = {
			isa = PBXFrameworksBuildPhase;
			buildActionMask = 2147483647;
			files = (
			);
			runOnlyForDeploymentPostprocessing = 0;
		};
		684DCAF826A5292D0051C372 /* Frameworks */ = {
			isa = PBXFrameworksBuildPhase;
			buildActionMask = 2147483647;
			files = (
			);
			runOnlyForDeploymentPostprocessing = 0;
		};
		6861E26E26AC0E7A00281A48 /* Frameworks */ = {
			isa = PBXFrameworksBuildPhase;
			buildActionMask = 2147483647;
			files = (
			);
			runOnlyForDeploymentPostprocessing = 0;
		};
		688492EA26AABA3500937CF2 /* Frameworks */ = {
			isa = PBXFrameworksBuildPhase;
			buildActionMask = 2147483647;
			files = (
			);
			runOnlyForDeploymentPostprocessing = 0;
		};
		6893B80F26AE5DA1003E3F0D /* Frameworks */ = {
			isa = PBXFrameworksBuildPhase;
			buildActionMask = 2147483647;
			files = (
			);
			runOnlyForDeploymentPostprocessing = 0;
		};
		6893B82526AFC503003E3F0D /* Frameworks */ = {
			isa = PBXFrameworksBuildPhase;
			buildActionMask = 2147483647;
			files = (
			);
			runOnlyForDeploymentPostprocessing = 0;
		};
		68ABD54026A976BB002763E0 /* Frameworks */ = {
			isa = PBXFrameworksBuildPhase;
			buildActionMask = 2147483647;
			files = (
			);
			runOnlyForDeploymentPostprocessing = 0;
		};
		68ED324226BD2C80003053D8 /* Frameworks */ = {
			isa = PBXFrameworksBuildPhase;
			buildActionMask = 2147483647;
			files = (
			);
			runOnlyForDeploymentPostprocessing = 0;
		};
		68F5B13C26B256CB003824A0 /* Frameworks */ = {
			isa = PBXFrameworksBuildPhase;
			buildActionMask = 2147483647;
			files = (
			);
			runOnlyForDeploymentPostprocessing = 0;
		};
/* End PBXFrameworksBuildPhase section */

/* Begin PBXGroup section */
		680FD3022698B2E0008F3958 /* SE-0304-task-group */ = {
			isa = PBXGroup;
			children = (
				680FD3032698B2E0008F3958 /* MyApp.swift */,
			);
			path = "SE-0304-task-group";
			sourceTree = "<group>";
		};
		680FD30D2698B2F4008F3958 /* SE-0304-throwing-task-group */ = {
			isa = PBXGroup;
			children = (
				680FD30E2698B2F5008F3958 /* MyApp.swift */,
			);
			path = "SE-0304-throwing-task-group";
			sourceTree = "<group>";
		};
		680FD3182698B4D7008F3958 /* SE-0304-imporved-task-group */ = {
			isa = PBXGroup;
			children = (
				680FD3192698B4D7008F3958 /* MyApp.swift */,
			);
			path = "SE-0304-imporved-task-group";
			sourceTree = "<group>";
		};
		6827FC5C269A9CE300745A36 /* SE-0304-unstructed-task */ = {
			isa = PBXGroup;
			children = (
				6827FC5D269A9CE300745A36 /* MyApp.swift */,
			);
			path = "SE-0304-unstructed-task";
			sourceTree = "<group>";
		};
		6827FC67269D2E2B00745A36 /* SE-0304-detached-task */ = {
			isa = PBXGroup;
			children = (
				6827FC68269D2E2B00745A36 /* MyApp.swift */,
			);
			path = "SE-0304-detached-task";
			sourceTree = "<group>";
		};
		6827FC72269D6B4500745A36 /* SE-0304-detached-task-on-actors */ = {
			isa = PBXGroup;
			children = (
				6827FC73269D6B4500745A36 /* MyApp.swift */,
			);
			path = "SE-0304-detached-task-on-actors";
			sourceTree = "<group>";
		};
		6842FC042696B9DA0088AD7F = {
			isa = PBXGroup;
			children = (
				6842FC0F2696B9DA0088AD7F /* WhatIsNewInSwift5.5 */,
				680FD3022698B2E0008F3958 /* SE-0304-task-group */,
				680FD3182698B4D7008F3958 /* SE-0304-imporved-task-group */,
				680FD30D2698B2F4008F3958 /* SE-0304-throwing-task-group */,
				6827FC5C269A9CE300745A36 /* SE-0304-unstructed-task */,
				6827FC67269D2E2B00745A36 /* SE-0304-detached-task */,
				6827FC72269D6B4500745A36 /* SE-0304-detached-task-on-actors */,
				684DCAFC26A5292D0051C372 /* SE-0300-continuation */,
				68ABD54426A976BB002763E0 /* SE-0306-safe-actor-state */,
				688492EE26AABA3500937CF2 /* SE-0306-sendable-types */,
				6861E27226AC0E7A00281A48 /* SE-0306-sendable-closures */,
				6893B81326AE5DA1003E3F0D /* SE-0306-unsafe-class-state */,
				6893B82926AFC503003E3F0D /* SE-0306-reentrancy */,
				68F5B14026B256CB003824A0 /* SE-0306-actor-isolation */,
				68ED324626BD2C80003053D8 /* SE-0316-global-actor */,
				6842FC0E2696B9DA0088AD7F /* Products */,
			);
			sourceTree = "<group>";
		};
		6842FC0E2696B9DA0088AD7F /* Products */ = {
			isa = PBXGroup;
			children = (
				6842FC0D2696B9DA0088AD7F /* WhatIsNewInSwift5.5 */,
				680FD3012698B2E0008F3958 /* SE-0304-task-group */,
				680FD30C2698B2F4008F3958 /* SE-0304-throwing-task-group */,
				680FD3172698B4D7008F3958 /* SE-0304-imporved-task-group */,
				6827FC5B269A9CE300745A36 /* SE-0304-unstructed-task */,
				6827FC66269D2E2B00745A36 /* SE-0304-detached-task */,
				6827FC71269D6B4500745A36 /* SE-0304-detached-task-on-actors */,
				684DCAFB26A5292D0051C372 /* SE-0300-continuation */,
				68ABD54326A976BB002763E0 /* SE-0306-safe-actor-state */,
				688492ED26AABA3500937CF2 /* SE-0306-sendable-types */,
				6861E27126AC0E7A00281A48 /* SE-0306-sendable-closures */,
				6893B81226AE5DA1003E3F0D /* SE-0306-unsafe-class-state */,
				6893B82826AFC503003E3F0D /* SE-0306-reentrancy */,
				68F5B13F26B256CB003824A0 /* SE-0306-actor-isolation */,
				68ED324526BD2C80003053D8 /* SE-0316-global-actor.app */,
			);
			name = Products;
			sourceTree = "<group>";
		};
		6842FC0F2696B9DA0088AD7F /* WhatIsNewInSwift5.5 */ = {
			isa = PBXGroup;
			children = (
				6842FC102696B9DA0088AD7F /* main.swift */,
			);
			path = WhatIsNewInSwift5.5;
			sourceTree = "<group>";
		};
		684DCAFC26A5292D0051C372 /* SE-0300-continuation */ = {
			isa = PBXGroup;
			children = (
				684DCAFD26A5292D0051C372 /* MyApp.swift */,
			);
			path = "SE-0300-continuation";
			sourceTree = "<group>";
		};
		6861E27226AC0E7A00281A48 /* SE-0306-sendable-closures */ = {
			isa = PBXGroup;
			children = (
				6861E27326AC0E7A00281A48 /* MyApp.swift */,
			);
			path = "SE-0306-sendable-closures";
			sourceTree = "<group>";
		};
		688492EE26AABA3500937CF2 /* SE-0306-sendable-types */ = {
			isa = PBXGroup;
			children = (
				688492EF26AABA3500937CF2 /* MyApp.swift */,
			);
			path = "SE-0306-sendable-types";
			sourceTree = "<group>";
		};
		6893B81326AE5DA1003E3F0D /* SE-0306-unsafe-class-state */ = {
			isa = PBXGroup;
			children = (
				6893B81426AE5DA1003E3F0D /* MyApp.swift */,
			);
			path = "SE-0306-unsafe-class-state";
			sourceTree = "<group>";
		};
		6893B82926AFC503003E3F0D /* SE-0306-reentrancy */ = {
			isa = PBXGroup;
			children = (
				6893B82A26AFC503003E3F0D /* MyApp.swift */,
			);
			path = "SE-0306-reentrancy";
			sourceTree = "<group>";
		};
		68ABD54426A976BB002763E0 /* SE-0306-safe-actor-state */ = {
			isa = PBXGroup;
			children = (
				68ABD54526A976BB002763E0 /* MyApp.swift */,
			);
			path = "SE-0306-safe-actor-state";
			sourceTree = "<group>";
		};
		68ED324626BD2C80003053D8 /* SE-0316-global-actor */ = {
			isa = PBXGroup;
			children = (
				68ED324726BD2C80003053D8 /* AppDelegate.swift */,
				68ED324926BD2C80003053D8 /* SceneDelegate.swift */,
				68ED324B26BD2C80003053D8 /* ViewController.swift */,
				68ED324D26BD2C80003053D8 /* Main.storyboard */,
				68ED325026BD2C82003053D8 /* Assets.xcassets */,
				68ED325226BD2C82003053D8 /* LaunchScreen.storyboard */,
				68ED325526BD2C82003053D8 /* Info.plist */,
			);
			path = "SE-0316-global-actor";
			sourceTree = "<group>";
		};
		68F5B14026B256CB003824A0 /* SE-0306-actor-isolation */ = {
			isa = PBXGroup;
			children = (
				68F5B14126B256CB003824A0 /* MyApp.swift */,
			);
			path = "SE-0306-actor-isolation";
			sourceTree = "<group>";
		};
/* End PBXGroup section */

/* Begin PBXNativeTarget section */
		680FD3002698B2E0008F3958 /* SE-0304-task-group */ = {
			isa = PBXNativeTarget;
			buildConfigurationList = 680FD3072698B2E0008F3958 /* Build configuration list for PBXNativeTarget "SE-0304-task-group" */;
			buildPhases = (
				680FD2FD2698B2E0008F3958 /* Sources */,
				680FD2FE2698B2E0008F3958 /* Frameworks */,
				680FD2FF2698B2E0008F3958 /* CopyFiles */,
			);
			buildRules = (
			);
			dependencies = (
			);
			name = "SE-0304-task-group";
			productName = "SE-0304-task-group";
			productReference = 680FD3012698B2E0008F3958 /* SE-0304-task-group */;
			productType = "com.apple.product-type.tool";
		};
		680FD30B2698B2F4008F3958 /* SE-0304-throwing-task-group */ = {
			isa = PBXNativeTarget;
			buildConfigurationList = 680FD3102698B2F5008F3958 /* Build configuration list for PBXNativeTarget "SE-0304-throwing-task-group" */;
			buildPhases = (
				680FD3082698B2F4008F3958 /* Sources */,
				680FD3092698B2F4008F3958 /* Frameworks */,
				680FD30A2698B2F4008F3958 /* CopyFiles */,
			);
			buildRules = (
			);
			dependencies = (
			);
			name = "SE-0304-throwing-task-group";
			productName = "SE-0304-throwing-task-group";
			productReference = 680FD30C2698B2F4008F3958 /* SE-0304-throwing-task-group */;
			productType = "com.apple.product-type.tool";
		};
		680FD3162698B4D7008F3958 /* SE-0304-imporved-task-group */ = {
			isa = PBXNativeTarget;
			buildConfigurationList = 680FD31B2698B4D7008F3958 /* Build configuration list for PBXNativeTarget "SE-0304-imporved-task-group" */;
			buildPhases = (
				680FD3132698B4D7008F3958 /* Sources */,
				680FD3142698B4D7008F3958 /* Frameworks */,
				680FD3152698B4D7008F3958 /* CopyFiles */,
			);
			buildRules = (
			);
			dependencies = (
			);
			name = "SE-0304-imporved-task-group";
			productName = "SE-0304-imporved-throwing-task-group";
			productReference = 680FD3172698B4D7008F3958 /* SE-0304-imporved-task-group */;
			productType = "com.apple.product-type.tool";
		};
		6827FC5A269A9CE300745A36 /* SE-0304-unstructed-task */ = {
			isa = PBXNativeTarget;
			buildConfigurationList = 6827FC5F269A9CE300745A36 /* Build configuration list for PBXNativeTarget "SE-0304-unstructed-task" */;
			buildPhases = (
				6827FC57269A9CE300745A36 /* Sources */,
				6827FC58269A9CE300745A36 /* Frameworks */,
				6827FC59269A9CE300745A36 /* CopyFiles */,
			);
			buildRules = (
			);
			dependencies = (
			);
			name = "SE-0304-unstructed-task";
			productName = "SE-0304-unstructed-task";
			productReference = 6827FC5B269A9CE300745A36 /* SE-0304-unstructed-task */;
			productType = "com.apple.product-type.tool";
		};
		6827FC65269D2E2B00745A36 /* SE-0304-detached-task */ = {
			isa = PBXNativeTarget;
			buildConfigurationList = 6827FC6C269D2E2B00745A36 /* Build configuration list for PBXNativeTarget "SE-0304-detached-task" */;
			buildPhases = (
				6827FC62269D2E2B00745A36 /* Sources */,
				6827FC63269D2E2B00745A36 /* Frameworks */,
				6827FC64269D2E2B00745A36 /* CopyFiles */,
			);
			buildRules = (
			);
			dependencies = (
			);
			name = "SE-0304-detached-task";
			productName = "SE-0304-detached-task";
			productReference = 6827FC66269D2E2B00745A36 /* SE-0304-detached-task */;
			productType = "com.apple.product-type.tool";
		};
		6827FC70269D6B4500745A36 /* SE-0304-detached-task-on-actors */ = {
			isa = PBXNativeTarget;
			buildConfigurationList = 6827FC75269D6B4500745A36 /* Build configuration list for PBXNativeTarget "SE-0304-detached-task-on-actors" */;
			buildPhases = (
				6827FC6D269D6B4500745A36 /* Sources */,
				6827FC6E269D6B4500745A36 /* Frameworks */,
				6827FC6F269D6B4500745A36 /* CopyFiles */,
			);
			buildRules = (
			);
			dependencies = (
			);
			name = "SE-0304-detached-task-on-actors";
			productName = "SE-0304-detached-task-on-actors";
			productReference = 6827FC71269D6B4500745A36 /* SE-0304-detached-task-on-actors */;
			productType = "com.apple.product-type.tool";
		};
		6842FC0C2696B9DA0088AD7F /* WhatIsNewInSwift5.5 */ = {
			isa = PBXNativeTarget;
			buildConfigurationList = 6842FC142696B9DA0088AD7F /* Build configuration list for PBXNativeTarget "WhatIsNewInSwift5.5" */;
			buildPhases = (
				6842FC092696B9DA0088AD7F /* Sources */,
				6842FC0A2696B9DA0088AD7F /* Frameworks */,
				6842FC0B2696B9DA0088AD7F /* CopyFiles */,
			);
			buildRules = (
			);
			dependencies = (
			);
			name = WhatIsNewInSwift5.5;
			productName = WhatIsNewInSwift5.5;
			productReference = 6842FC0D2696B9DA0088AD7F /* WhatIsNewInSwift5.5 */;
			productType = "com.apple.product-type.tool";
		};
		684DCAFA26A5292D0051C372 /* SE-0300-continuation */ = {
			isa = PBXNativeTarget;
			buildConfigurationList = 684DCB0126A5292D0051C372 /* Build configuration list for PBXNativeTarget "SE-0300-continuation" */;
			buildPhases = (
				684DCAF726A5292D0051C372 /* Sources */,
				684DCAF826A5292D0051C372 /* Frameworks */,
				684DCAF926A5292D0051C372 /* CopyFiles */,
			);
			buildRules = (
			);
			dependencies = (
			);
			name = "SE-0300-continuation";
			productName = "SE-0300-continuation";
			productReference = 684DCAFB26A5292D0051C372 /* SE-0300-continuation */;
			productType = "com.apple.product-type.tool";
		};
		6861E27026AC0E7A00281A48 /* SE-0306-sendable-closures */ = {
			isa = PBXNativeTarget;
			buildConfigurationList = 6861E27726AC0E7A00281A48 /* Build configuration list for PBXNativeTarget "SE-0306-sendable-closures" */;
			buildPhases = (
				6861E26D26AC0E7A00281A48 /* Sources */,
				6861E26E26AC0E7A00281A48 /* Frameworks */,
				6861E26F26AC0E7A00281A48 /* CopyFiles */,
			);
			buildRules = (
			);
			dependencies = (
			);
			name = "SE-0306-sendable-closures";
			productName = "SE-0306-sendable-closures";
			productReference = 6861E27126AC0E7A00281A48 /* SE-0306-sendable-closures */;
			productType = "com.apple.product-type.tool";
		};
		688492EC26AABA3500937CF2 /* SE-0306-sendable-types */ = {
			isa = PBXNativeTarget;
			buildConfigurationList = 688492F326AABA3500937CF2 /* Build configuration list for PBXNativeTarget "SE-0306-sendable-types" */;
			buildPhases = (
				688492E926AABA3500937CF2 /* Sources */,
				688492EA26AABA3500937CF2 /* Frameworks */,
				688492EB26AABA3500937CF2 /* CopyFiles */,
			);
			buildRules = (
			);
			dependencies = (
			);
			name = "SE-0306-sendable-types";
			productName = "SE-0306-cross-actor-reference";
			productReference = 688492ED26AABA3500937CF2 /* SE-0306-sendable-types */;
			productType = "com.apple.product-type.tool";
		};
		6893B81126AE5DA1003E3F0D /* SE-0306-unsafe-class-state */ = {
			isa = PBXNativeTarget;
			buildConfigurationList = 6893B81826AE5DA1003E3F0D /* Build configuration list for PBXNativeTarget "SE-0306-unsafe-class-state" */;
			buildPhases = (
				6893B80E26AE5DA1003E3F0D /* Sources */,
				6893B80F26AE5DA1003E3F0D /* Frameworks */,
				6893B81026AE5DA1003E3F0D /* CopyFiles */,
			);
			buildRules = (
			);
			dependencies = (
			);
			name = "SE-0306-unsafe-class-state";
			productName = "SE-0306-unsafe-class-state";
			productReference = 6893B81226AE5DA1003E3F0D /* SE-0306-unsafe-class-state */;
			productType = "com.apple.product-type.tool";
		};
		6893B82726AFC503003E3F0D /* SE-0306-reentrancy */ = {
			isa = PBXNativeTarget;
			buildConfigurationList = 6893B82C26AFC503003E3F0D /* Build configuration list for PBXNativeTarget "SE-0306-reentrancy" */;
			buildPhases = (
				6893B82426AFC503003E3F0D /* Sources */,
				6893B82526AFC503003E3F0D /* Frameworks */,
				6893B82626AFC503003E3F0D /* CopyFiles */,
			);
			buildRules = (
			);
			dependencies = (
			);
			name = "SE-0306-reentrancy";
			productName = "SE-0306-reentrancy";
			productReference = 6893B82826AFC503003E3F0D /* SE-0306-reentrancy */;
			productType = "com.apple.product-type.tool";
		};
		68ABD54226A976BB002763E0 /* SE-0306-safe-actor-state */ = {
			isa = PBXNativeTarget;
			buildConfigurationList = 68ABD54726A976BB002763E0 /* Build configuration list for PBXNativeTarget "SE-0306-safe-actor-state" */;
			buildPhases = (
				68ABD53F26A976BB002763E0 /* Sources */,
				68ABD54026A976BB002763E0 /* Frameworks */,
				68ABD54126A976BB002763E0 /* CopyFiles */,
			);
			buildRules = (
			);
			dependencies = (
			);
			name = "SE-0306-safe-actor-state";
			productName = "SE-0306-actors";
			productReference = 68ABD54326A976BB002763E0 /* SE-0306-safe-actor-state */;
			productType = "com.apple.product-type.tool";
		};
		68ED324426BD2C80003053D8 /* SE-0316-global-actor */ = {
			isa = PBXNativeTarget;
			buildConfigurationList = 68ED325626BD2C82003053D8 /* Build configuration list for PBXNativeTarget "SE-0316-global-actor" */;
			buildPhases = (
				68ED324126BD2C80003053D8 /* Sources */,
				68ED324226BD2C80003053D8 /* Frameworks */,
				68ED324326BD2C80003053D8 /* Resources */,
			);
			buildRules = (
			);
			dependencies = (
			);
			name = "SE-0316-global-actor";
			productName = "SE-0316-global-actor";
			productReference = 68ED324526BD2C80003053D8 /* SE-0316-global-actor.app */;
			productType = "com.apple.product-type.application";
		};
		68F5B13E26B256CB003824A0 /* SE-0306-actor-isolation */ = {
			isa = PBXNativeTarget;
			buildConfigurationList = 68F5B14526B256CB003824A0 /* Build configuration list for PBXNativeTarget "SE-0306-actor-isolation" */;
			buildPhases = (
				68F5B13B26B256CB003824A0 /* Sources */,
				68F5B13C26B256CB003824A0 /* Frameworks */,
				68F5B13D26B256CB003824A0 /* CopyFiles */,
			);
			buildRules = (
			);
			dependencies = (
			);
			name = "SE-0306-actor-isolation";
			productName = "SE-0306-actor-isolation";
			productReference = 68F5B13F26B256CB003824A0 /* SE-0306-actor-isolation */;
			productType = "com.apple.product-type.tool";
		};
/* End PBXNativeTarget section */

/* Begin PBXProject section */
		6842FC052696B9DA0088AD7F /* Project object */ = {
			isa = PBXProject;
			attributes = {
				BuildIndependentTargetsInParallel = 1;
				LastSwiftUpdateCheck = 1300;
				LastUpgradeCheck = 1300;
				TargetAttributes = {
					680FD3002698B2E0008F3958 = {
						CreatedOnToolsVersion = 13.0;
					};
					680FD30B2698B2F4008F3958 = {
						CreatedOnToolsVersion = 13.0;
					};
					680FD3162698B4D7008F3958 = {
						CreatedOnToolsVersion = 13.0;
					};
					6827FC5A269A9CE300745A36 = {
						CreatedOnToolsVersion = 13.0;
					};
					6827FC65269D2E2B00745A36 = {
						CreatedOnToolsVersion = 13.0;
					};
					6827FC70269D6B4500745A36 = {
						CreatedOnToolsVersion = 13.0;
					};
					6842FC0C2696B9DA0088AD7F = {
						CreatedOnToolsVersion = 13.0;
					};
					684DCAFA26A5292D0051C372 = {
						CreatedOnToolsVersion = 13.0;
					};
					6861E27026AC0E7A00281A48 = {
						CreatedOnToolsVersion = 13.0;
					};
					688492EC26AABA3500937CF2 = {
						CreatedOnToolsVersion = 13.0;
					};
					6893B81126AE5DA1003E3F0D = {
						CreatedOnToolsVersion = 13.0;
					};
					6893B82726AFC503003E3F0D = {
						CreatedOnToolsVersion = 13.0;
					};
					68ABD54226A976BB002763E0 = {
						CreatedOnToolsVersion = 13.0;
					};
					68ED324426BD2C80003053D8 = {
						CreatedOnToolsVersion = 13.0;
					};
					68F5B13E26B256CB003824A0 = {
						CreatedOnToolsVersion = 13.0;
					};
				};
			};
			buildConfigurationList = 6842FC082696B9DA0088AD7F /* Build configuration list for PBXProject "WhatIsNewInSwift5.5" */;
			compatibilityVersion = "Xcode 13.0";
			developmentRegion = en;
			hasScannedForEncodings = 0;
			knownRegions = (
				en,
				Base,
			);
			mainGroup = 6842FC042696B9DA0088AD7F;
			productRefGroup = 6842FC0E2696B9DA0088AD7F /* Products */;
			projectDirPath = "";
			projectRoot = "";
			targets = (
				6842FC0C2696B9DA0088AD7F /* WhatIsNewInSwift5.5 */,
				680FD3002698B2E0008F3958 /* SE-0304-task-group */,
				680FD30B2698B2F4008F3958 /* SE-0304-throwing-task-group */,
				680FD3162698B4D7008F3958 /* SE-0304-imporved-task-group */,
				6827FC5A269A9CE300745A36 /* SE-0304-unstructed-task */,
				6827FC65269D2E2B00745A36 /* SE-0304-detached-task */,
				6827FC70269D6B4500745A36 /* SE-0304-detached-task-on-actors */,
				684DCAFA26A5292D0051C372 /* SE-0300-continuation */,
				68ABD54226A976BB002763E0 /* SE-0306-safe-actor-state */,
				688492EC26AABA3500937CF2 /* SE-0306-sendable-types */,
				6861E27026AC0E7A00281A48 /* SE-0306-sendable-closures */,
				6893B81126AE5DA1003E3F0D /* SE-0306-unsafe-class-state */,
				6893B82726AFC503003E3F0D /* SE-0306-reentrancy */,
				68F5B13E26B256CB003824A0 /* SE-0306-actor-isolation */,
				68ED324426BD2C80003053D8 /* SE-0316-global-actor */,
			);
		};
/* End PBXProject section */

/* Begin PBXResourcesBuildPhase section */
		68ED324326BD2C80003053D8 /* Resources */ = {
			isa = PBXResourcesBuildPhase;
			buildActionMask = 2147483647;
			files = (
				68ED325426BD2C82003053D8 /* LaunchScreen.storyboard in Resources */,
				68ED325126BD2C82003053D8 /* Assets.xcassets in Resources */,
				68ED324F26BD2C81003053D8 /* Main.storyboard in Resources */,
			);
			runOnlyForDeploymentPostprocessing = 0;
		};
/* End PBXResourcesBuildPhase section */

/* Begin PBXSourcesBuildPhase section */
		680FD2FD2698B2E0008F3958 /* Sources */ = {
			isa = PBXSourcesBuildPhase;
			buildActionMask = 2147483647;
			files = (
				680FD3042698B2E0008F3958 /* MyApp.swift in Sources */,
			);
			runOnlyForDeploymentPostprocessing = 0;
		};
		680FD3082698B2F4008F3958 /* Sources */ = {
			isa = PBXSourcesBuildPhase;
			buildActionMask = 2147483647;
			files = (
				680FD30F2698B2F5008F3958 /* MyApp.swift in Sources */,
			);
			runOnlyForDeploymentPostprocessing = 0;
		};
		680FD3132698B4D7008F3958 /* Sources */ = {
			isa = PBXSourcesBuildPhase;
			buildActionMask = 2147483647;
			files = (
				680FD31A2698B4D7008F3958 /* MyApp.swift in Sources */,
			);
			runOnlyForDeploymentPostprocessing = 0;
		};
		6827FC57269A9CE300745A36 /* Sources */ = {
			isa = PBXSourcesBuildPhase;
			buildActionMask = 2147483647;
			files = (
				6827FC5E269A9CE300745A36 /* MyApp.swift in Sources */,
			);
			runOnlyForDeploymentPostprocessing = 0;
		};
		6827FC62269D2E2B00745A36 /* Sources */ = {
			isa = PBXSourcesBuildPhase;
			buildActionMask = 2147483647;
			files = (
				6827FC69269D2E2B00745A36 /* MyApp.swift in Sources */,
			);
			runOnlyForDeploymentPostprocessing = 0;
		};
		6827FC6D269D6B4500745A36 /* Sources */ = {
			isa = PBXSourcesBuildPhase;
			buildActionMask = 2147483647;
			files = (
				6827FC74269D6B4500745A36 /* MyApp.swift in Sources */,
			);
			runOnlyForDeploymentPostprocessing = 0;
		};
		6842FC092696B9DA0088AD7F /* Sources */ = {
			isa = PBXSourcesBuildPhase;
			buildActionMask = 2147483647;
			files = (
				6842FC112696B9DA0088AD7F /* main.swift in Sources */,
			);
			runOnlyForDeploymentPostprocessing = 0;
		};
		684DCAF726A5292D0051C372 /* Sources */ = {
			isa = PBXSourcesBuildPhase;
			buildActionMask = 2147483647;
			files = (
				684DCAFE26A5292D0051C372 /* MyApp.swift in Sources */,
			);
			runOnlyForDeploymentPostprocessing = 0;
		};
		6861E26D26AC0E7A00281A48 /* Sources */ = {
			isa = PBXSourcesBuildPhase;
			buildActionMask = 2147483647;
			files = (
				6861E27426AC0E7A00281A48 /* MyApp.swift in Sources */,
			);
			runOnlyForDeploymentPostprocessing = 0;
		};
		688492E926AABA3500937CF2 /* Sources */ = {
			isa = PBXSourcesBuildPhase;
			buildActionMask = 2147483647;
			files = (
				688492F026AABA3500937CF2 /* MyApp.swift in Sources */,
			);
			runOnlyForDeploymentPostprocessing = 0;
		};
		6893B80E26AE5DA1003E3F0D /* Sources */ = {
			isa = PBXSourcesBuildPhase;
			buildActionMask = 2147483647;
			files = (
				6893B81526AE5DA1003E3F0D /* MyApp.swift in Sources */,
			);
			runOnlyForDeploymentPostprocessing = 0;
		};
		6893B82426AFC503003E3F0D /* Sources */ = {
			isa = PBXSourcesBuildPhase;
			buildActionMask = 2147483647;
			files = (
				6893B82B26AFC503003E3F0D /* MyApp.swift in Sources */,
			);
			runOnlyForDeploymentPostprocessing = 0;
		};
		68ABD53F26A976BB002763E0 /* Sources */ = {
			isa = PBXSourcesBuildPhase;
			buildActionMask = 2147483647;
			files = (
				68ABD54626A976BB002763E0 /* MyApp.swift in Sources */,
			);
			runOnlyForDeploymentPostprocessing = 0;
		};
		68ED324126BD2C80003053D8 /* Sources */ = {
			isa = PBXSourcesBuildPhase;
			buildActionMask = 2147483647;
			files = (
				68ED324C26BD2C80003053D8 /* ViewController.swift in Sources */,
				68ED324826BD2C80003053D8 /* AppDelegate.swift in Sources */,
				68ED324A26BD2C80003053D8 /* SceneDelegate.swift in Sources */,
			);
			runOnlyForDeploymentPostprocessing = 0;
		};
		68F5B13B26B256CB003824A0 /* Sources */ = {
			isa = PBXSourcesBuildPhase;
			buildActionMask = 2147483647;
			files = (
				68F5B14226B256CB003824A0 /* MyApp.swift in Sources */,
			);
			runOnlyForDeploymentPostprocessing = 0;
		};
/* End PBXSourcesBuildPhase section */

/* Begin PBXVariantGroup section */
		68ED324D26BD2C80003053D8 /* Main.storyboard */ = {
			isa = PBXVariantGroup;
			children = (
				68ED324E26BD2C80003053D8 /* Base */,
			);
			name = Main.storyboard;
			sourceTree = "<group>";
		};
		68ED325226BD2C82003053D8 /* LaunchScreen.storyboard */ = {
			isa = PBXVariantGroup;
			children = (
				68ED325326BD2C82003053D8 /* Base */,
			);
			name = LaunchScreen.storyboard;
			sourceTree = "<group>";
		};
/* End PBXVariantGroup section */

/* Begin XCBuildConfiguration section */
		680FD3052698B2E0008F3958 /* Debug */ = {
			isa = XCBuildConfiguration;
			buildSettings = {
				CODE_SIGN_STYLE = Automatic;
				DEVELOPMENT_TEAM = 9DJEBF62S3;
				ENABLE_HARDENED_RUNTIME = YES;
				OTHER_SWIFT_FLAGS = "";
				PRODUCT_NAME = "$(TARGET_NAME)";
				SWIFT_VERSION = 5.0;
			};
			name = Debug;
		};
		680FD3062698B2E0008F3958 /* Release */ = {
			isa = XCBuildConfiguration;
			buildSettings = {
				CODE_SIGN_STYLE = Automatic;
				DEVELOPMENT_TEAM = 9DJEBF62S3;
				ENABLE_HARDENED_RUNTIME = YES;
				OTHER_SWIFT_FLAGS = "";
				PRODUCT_NAME = "$(TARGET_NAME)";
				SWIFT_VERSION = 5.0;
			};
			name = Release;
		};
		680FD3112698B2F5008F3958 /* Debug */ = {
			isa = XCBuildConfiguration;
			buildSettings = {
				CODE_SIGN_STYLE = Automatic;
				DEVELOPMENT_TEAM = 9DJEBF62S3;
				ENABLE_HARDENED_RUNTIME = YES;
				PRODUCT_NAME = "$(TARGET_NAME)";
				SWIFT_VERSION = 5.0;
			};
			name = Debug;
		};
		680FD3122698B2F5008F3958 /* Release */ = {
			isa = XCBuildConfiguration;
			buildSettings = {
				CODE_SIGN_STYLE = Automatic;
				DEVELOPMENT_TEAM = 9DJEBF62S3;
				ENABLE_HARDENED_RUNTIME = YES;
				PRODUCT_NAME = "$(TARGET_NAME)";
				SWIFT_VERSION = 5.0;
			};
			name = Release;
		};
		680FD31C2698B4D7008F3958 /* Debug */ = {
			isa = XCBuildConfiguration;
			buildSettings = {
				CODE_SIGN_STYLE = Automatic;
				DEVELOPMENT_TEAM = 9DJEBF62S3;
				ENABLE_HARDENED_RUNTIME = YES;
				PRODUCT_NAME = "$(TARGET_NAME)";
				SWIFT_VERSION = 5.0;
			};
			name = Debug;
		};
		680FD31D2698B4D7008F3958 /* Release */ = {
			isa = XCBuildConfiguration;
			buildSettings = {
				CODE_SIGN_STYLE = Automatic;
				DEVELOPMENT_TEAM = 9DJEBF62S3;
				ENABLE_HARDENED_RUNTIME = YES;
				PRODUCT_NAME = "$(TARGET_NAME)";
				SWIFT_VERSION = 5.0;
			};
			name = Release;
		};
		6827FC60269A9CE300745A36 /* Debug */ = {
			isa = XCBuildConfiguration;
			buildSettings = {
				CODE_SIGN_STYLE = Automatic;
				DEVELOPMENT_TEAM = 9DJEBF62S3;
				ENABLE_HARDENED_RUNTIME = YES;
				PRODUCT_NAME = "$(TARGET_NAME)";
				SWIFT_VERSION = 5.0;
			};
			name = Debug;
		};
		6827FC61269A9CE300745A36 /* Release */ = {
			isa = XCBuildConfiguration;
			buildSettings = {
				CODE_SIGN_STYLE = Automatic;
				DEVELOPMENT_TEAM = 9DJEBF62S3;
				ENABLE_HARDENED_RUNTIME = YES;
				PRODUCT_NAME = "$(TARGET_NAME)";
				SWIFT_VERSION = 5.0;
			};
			name = Release;
		};
		6827FC6A269D2E2B00745A36 /* Debug */ = {
			isa = XCBuildConfiguration;
			buildSettings = {
				CODE_SIGN_STYLE = Automatic;
				DEVELOPMENT_TEAM = 9DJEBF62S3;
				ENABLE_HARDENED_RUNTIME = YES;
				PRODUCT_NAME = "$(TARGET_NAME)";
				SWIFT_VERSION = 5.0;
			};
			name = Debug;
		};
		6827FC6B269D2E2B00745A36 /* Release */ = {
			isa = XCBuildConfiguration;
			buildSettings = {
				CODE_SIGN_STYLE = Automatic;
				DEVELOPMENT_TEAM = 9DJEBF62S3;
				ENABLE_HARDENED_RUNTIME = YES;
				PRODUCT_NAME = "$(TARGET_NAME)";
				SWIFT_VERSION = 5.0;
			};
			name = Release;
		};
		6827FC76269D6B4500745A36 /* Debug */ = {
			isa = XCBuildConfiguration;
			buildSettings = {
				CODE_SIGN_STYLE = Automatic;
				DEVELOPMENT_TEAM = 9DJEBF62S3;
				ENABLE_HARDENED_RUNTIME = YES;
				PRODUCT_NAME = "$(TARGET_NAME)";
				SWIFT_VERSION = 5.0;
			};
			name = Debug;
		};
		6827FC77269D6B4500745A36 /* Release */ = {
			isa = XCBuildConfiguration;
			buildSettings = {
				CODE_SIGN_STYLE = Automatic;
				DEVELOPMENT_TEAM = 9DJEBF62S3;
				ENABLE_HARDENED_RUNTIME = YES;
				PRODUCT_NAME = "$(TARGET_NAME)";
				SWIFT_VERSION = 5.0;
			};
			name = Release;
		};
		6842FC122696B9DA0088AD7F /* Debug */ = {
			isa = XCBuildConfiguration;
			buildSettings = {
				ALWAYS_SEARCH_USER_PATHS = NO;
				CLANG_ANALYZER_NONNULL = YES;
				CLANG_ANALYZER_NUMBER_OBJECT_CONVERSION = YES_AGGRESSIVE;
				CLANG_CXX_LANGUAGE_STANDARD = "gnu++14";
				CLANG_CXX_LIBRARY = "libc++";
				CLANG_ENABLE_MODULES = YES;
				CLANG_ENABLE_OBJC_ARC = YES;
				CLANG_ENABLE_OBJC_WEAK = YES;
				CLANG_WARN_BLOCK_CAPTURE_AUTORELEASING = YES;
				CLANG_WARN_BOOL_CONVERSION = YES;
				CLANG_WARN_COMMA = YES;
				CLANG_WARN_CONSTANT_CONVERSION = YES;
				CLANG_WARN_DEPRECATED_OBJC_IMPLEMENTATIONS = YES;
				CLANG_WARN_DIRECT_OBJC_ISA_USAGE = YES_ERROR;
				CLANG_WARN_DOCUMENTATION_COMMENTS = YES;
				CLANG_WARN_EMPTY_BODY = YES;
				CLANG_WARN_ENUM_CONVERSION = YES;
				CLANG_WARN_INFINITE_RECURSION = YES;
				CLANG_WARN_INT_CONVERSION = YES;
				CLANG_WARN_NON_LITERAL_NULL_CONVERSION = YES;
				CLANG_WARN_OBJC_IMPLICIT_RETAIN_SELF = YES;
				CLANG_WARN_OBJC_LITERAL_CONVERSION = YES;
				CLANG_WARN_OBJC_ROOT_CLASS = YES_ERROR;
				CLANG_WARN_QUOTED_INCLUDE_IN_FRAMEWORK_HEADER = YES;
				CLANG_WARN_RANGE_LOOP_ANALYSIS = YES;
				CLANG_WARN_STRICT_PROTOTYPES = YES;
				CLANG_WARN_SUSPICIOUS_MOVE = YES;
				CLANG_WARN_UNGUARDED_AVAILABILITY = YES_AGGRESSIVE;
				CLANG_WARN_UNREACHABLE_CODE = YES;
				CLANG_WARN__DUPLICATE_METHOD_MATCH = YES;
				COPY_PHASE_STRIP = NO;
				DEBUG_INFORMATION_FORMAT = dwarf;
				ENABLE_STRICT_OBJC_MSGSEND = YES;
				ENABLE_TESTABILITY = YES;
				GCC_C_LANGUAGE_STANDARD = gnu11;
				GCC_DYNAMIC_NO_PIC = NO;
				GCC_NO_COMMON_BLOCKS = YES;
				GCC_OPTIMIZATION_LEVEL = 0;
				GCC_PREPROCESSOR_DEFINITIONS = (
					"DEBUG=1",
					"$(inherited)",
				);
				GCC_WARN_64_TO_32_BIT_CONVERSION = YES;
				GCC_WARN_ABOUT_RETURN_TYPE = YES_ERROR;
				GCC_WARN_UNDECLARED_SELECTOR = YES;
				GCC_WARN_UNINITIALIZED_AUTOS = YES_AGGRESSIVE;
				GCC_WARN_UNUSED_FUNCTION = YES;
				GCC_WARN_UNUSED_VARIABLE = YES;
				MACOSX_DEPLOYMENT_TARGET = 12.0;
				MTL_ENABLE_DEBUG_INFO = INCLUDE_SOURCE;
				MTL_FAST_MATH = YES;
				ONLY_ACTIVE_ARCH = YES;
				SDKROOT = macosx;
				SWIFT_ACTIVE_COMPILATION_CONDITIONS = DEBUG;
				SWIFT_OPTIMIZATION_LEVEL = "-Onone";
			};
			name = Debug;
		};
		6842FC132696B9DA0088AD7F /* Release */ = {
			isa = XCBuildConfiguration;
			buildSettings = {
				ALWAYS_SEARCH_USER_PATHS = NO;
				CLANG_ANALYZER_NONNULL = YES;
				CLANG_ANALYZER_NUMBER_OBJECT_CONVERSION = YES_AGGRESSIVE;
				CLANG_CXX_LANGUAGE_STANDARD = "gnu++14";
				CLANG_CXX_LIBRARY = "libc++";
				CLANG_ENABLE_MODULES = YES;
				CLANG_ENABLE_OBJC_ARC = YES;
				CLANG_ENABLE_OBJC_WEAK = YES;
				CLANG_WARN_BLOCK_CAPTURE_AUTORELEASING = YES;
				CLANG_WARN_BOOL_CONVERSION = YES;
				CLANG_WARN_COMMA = YES;
				CLANG_WARN_CONSTANT_CONVERSION = YES;
				CLANG_WARN_DEPRECATED_OBJC_IMPLEMENTATIONS = YES;
				CLANG_WARN_DIRECT_OBJC_ISA_USAGE = YES_ERROR;
				CLANG_WARN_DOCUMENTATION_COMMENTS = YES;
				CLANG_WARN_EMPTY_BODY = YES;
				CLANG_WARN_ENUM_CONVERSION = YES;
				CLANG_WARN_INFINITE_RECURSION = YES;
				CLANG_WARN_INT_CONVERSION = YES;
				CLANG_WARN_NON_LITERAL_NULL_CONVERSION = YES;
				CLANG_WARN_OBJC_IMPLICIT_RETAIN_SELF = YES;
				CLANG_WARN_OBJC_LITERAL_CONVERSION = YES;
				CLANG_WARN_OBJC_ROOT_CLASS = YES_ERROR;
				CLANG_WARN_QUOTED_INCLUDE_IN_FRAMEWORK_HEADER = YES;
				CLANG_WARN_RANGE_LOOP_ANALYSIS = YES;
				CLANG_WARN_STRICT_PROTOTYPES = YES;
				CLANG_WARN_SUSPICIOUS_MOVE = YES;
				CLANG_WARN_UNGUARDED_AVAILABILITY = YES_AGGRESSIVE;
				CLANG_WARN_UNREACHABLE_CODE = YES;
				CLANG_WARN__DUPLICATE_METHOD_MATCH = YES;
				COPY_PHASE_STRIP = NO;
				DEBUG_INFORMATION_FORMAT = "dwarf-with-dsym";
				ENABLE_NS_ASSERTIONS = NO;
				ENABLE_STRICT_OBJC_MSGSEND = YES;
				GCC_C_LANGUAGE_STANDARD = gnu11;
				GCC_NO_COMMON_BLOCKS = YES;
				GCC_WARN_64_TO_32_BIT_CONVERSION = YES;
				GCC_WARN_ABOUT_RETURN_TYPE = YES_ERROR;
				GCC_WARN_UNDECLARED_SELECTOR = YES;
				GCC_WARN_UNINITIALIZED_AUTOS = YES_AGGRESSIVE;
				GCC_WARN_UNUSED_FUNCTION = YES;
				GCC_WARN_UNUSED_VARIABLE = YES;
				MACOSX_DEPLOYMENT_TARGET = 12.0;
				MTL_ENABLE_DEBUG_INFO = NO;
				MTL_FAST_MATH = YES;
				SDKROOT = macosx;
				SWIFT_COMPILATION_MODE = wholemodule;
				SWIFT_OPTIMIZATION_LEVEL = "-O";
			};
			name = Release;
		};
		6842FC152696B9DA0088AD7F /* Debug */ = {
			isa = XCBuildConfiguration;
			buildSettings = {
				CODE_SIGN_STYLE = Automatic;
				DEVELOPMENT_TEAM = 9DJEBF62S3;
				ENABLE_HARDENED_RUNTIME = YES;
				PRODUCT_NAME = "$(TARGET_NAME)";
				SWIFT_VERSION = 5.0;
			};
			name = Debug;
		};
		6842FC162696B9DA0088AD7F /* Release */ = {
			isa = XCBuildConfiguration;
			buildSettings = {
				CODE_SIGN_STYLE = Automatic;
				DEVELOPMENT_TEAM = 9DJEBF62S3;
				ENABLE_HARDENED_RUNTIME = YES;
				PRODUCT_NAME = "$(TARGET_NAME)";
				SWIFT_VERSION = 5.0;
			};
			name = Release;
		};
		684DCAFF26A5292D0051C372 /* Debug */ = {
			isa = XCBuildConfiguration;
			buildSettings = {
				CLANG_CXX_LANGUAGE_STANDARD = "gnu++17";
				CODE_SIGN_STYLE = Automatic;
				DEVELOPMENT_TEAM = 9DJEBF62S3;
				ENABLE_HARDENED_RUNTIME = YES;
				PRODUCT_NAME = "$(TARGET_NAME)";
				SWIFT_VERSION = 5.0;
			};
			name = Debug;
		};
		684DCB0026A5292D0051C372 /* Release */ = {
			isa = XCBuildConfiguration;
			buildSettings = {
				CLANG_CXX_LANGUAGE_STANDARD = "gnu++17";
				CODE_SIGN_STYLE = Automatic;
				DEVELOPMENT_TEAM = 9DJEBF62S3;
				ENABLE_HARDENED_RUNTIME = YES;
				PRODUCT_NAME = "$(TARGET_NAME)";
				SWIFT_VERSION = 5.0;
			};
			name = Release;
		};
		6861E27526AC0E7A00281A48 /* Debug */ = {
			isa = XCBuildConfiguration;
			buildSettings = {
				CLANG_CXX_LANGUAGE_STANDARD = "gnu++17";
				CODE_SIGN_STYLE = Automatic;
				DEVELOPMENT_TEAM = 9DJEBF62S3;
				ENABLE_HARDENED_RUNTIME = YES;
				PRODUCT_NAME = "$(TARGET_NAME)";
				SWIFT_VERSION = 5.0;
			};
			name = Debug;
		};
		6861E27626AC0E7A00281A48 /* Release */ = {
			isa = XCBuildConfiguration;
			buildSettings = {
				CLANG_CXX_LANGUAGE_STANDARD = "gnu++17";
				CODE_SIGN_STYLE = Automatic;
				DEVELOPMENT_TEAM = 9DJEBF62S3;
				ENABLE_HARDENED_RUNTIME = YES;
				PRODUCT_NAME = "$(TARGET_NAME)";
				SWIFT_VERSION = 5.0;
			};
			name = Release;
		};
		688492F126AABA3500937CF2 /* Debug */ = {
			isa = XCBuildConfiguration;
			buildSettings = {
				CLANG_CXX_LANGUAGE_STANDARD = "gnu++17";
				CODE_SIGN_STYLE = Automatic;
				DEVELOPMENT_TEAM = 9DJEBF62S3;
				ENABLE_HARDENED_RUNTIME = YES;
				PRODUCT_NAME = "$(TARGET_NAME)";
				SWIFT_VERSION = 5.0;
			};
			name = Debug;
		};
		688492F226AABA3500937CF2 /* Release */ = {
			isa = XCBuildConfiguration;
			buildSettings = {
				CLANG_CXX_LANGUAGE_STANDARD = "gnu++17";
				CODE_SIGN_STYLE = Automatic;
				DEVELOPMENT_TEAM = 9DJEBF62S3;
				ENABLE_HARDENED_RUNTIME = YES;
				PRODUCT_NAME = "$(TARGET_NAME)";
				SWIFT_VERSION = 5.0;
			};
			name = Release;
		};
		6893B81626AE5DA1003E3F0D /* Debug */ = {
			isa = XCBuildConfiguration;
			buildSettings = {
				CLANG_CXX_LANGUAGE_STANDARD = "gnu++17";
				CODE_SIGN_STYLE = Automatic;
				DEVELOPMENT_TEAM = 9DJEBF62S3;
				ENABLE_HARDENED_RUNTIME = YES;
				PRODUCT_NAME = "$(TARGET_NAME)";
				SWIFT_VERSION = 5.0;
			};
			name = Debug;
		};
		6893B81726AE5DA1003E3F0D /* Release */ = {
			isa = XCBuildConfiguration;
			buildSettings = {
				CLANG_CXX_LANGUAGE_STANDARD = "gnu++17";
				CODE_SIGN_STYLE = Automatic;
				DEVELOPMENT_TEAM = 9DJEBF62S3;
				ENABLE_HARDENED_RUNTIME = YES;
				PRODUCT_NAME = "$(TARGET_NAME)";
				SWIFT_VERSION = 5.0;
			};
			name = Release;
		};
		6893B82D26AFC503003E3F0D /* Debug */ = {
			isa = XCBuildConfiguration;
			buildSettings = {
				CLANG_CXX_LANGUAGE_STANDARD = "gnu++17";
				CODE_SIGN_STYLE = Automatic;
				DEVELOPMENT_TEAM = 9DJEBF62S3;
				ENABLE_HARDENED_RUNTIME = YES;
				PRODUCT_NAME = "$(TARGET_NAME)";
				SWIFT_VERSION = 5.0;
			};
			name = Debug;
		};
		6893B82E26AFC503003E3F0D /* Release */ = {
			isa = XCBuildConfiguration;
			buildSettings = {
				CLANG_CXX_LANGUAGE_STANDARD = "gnu++17";
				CODE_SIGN_STYLE = Automatic;
				DEVELOPMENT_TEAM = 9DJEBF62S3;
				ENABLE_HARDENED_RUNTIME = YES;
				PRODUCT_NAME = "$(TARGET_NAME)";
				SWIFT_VERSION = 5.0;
			};
			name = Release;
		};
		68ABD54826A976BB002763E0 /* Debug */ = {
			isa = XCBuildConfiguration;
			buildSettings = {
				CLANG_CXX_LANGUAGE_STANDARD = "gnu++17";
				CODE_SIGN_STYLE = Automatic;
				DEVELOPMENT_TEAM = 9DJEBF62S3;
				ENABLE_HARDENED_RUNTIME = YES;
				PRODUCT_NAME = "$(TARGET_NAME)";
				SWIFT_VERSION = 5.0;
			};
			name = Debug;
		};
		68ABD54926A976BB002763E0 /* Release */ = {
			isa = XCBuildConfiguration;
			buildSettings = {
				CLANG_CXX_LANGUAGE_STANDARD = "gnu++17";
				CODE_SIGN_STYLE = Automatic;
				DEVELOPMENT_TEAM = 9DJEBF62S3;
				ENABLE_HARDENED_RUNTIME = YES;
				PRODUCT_NAME = "$(TARGET_NAME)";
				SWIFT_VERSION = 5.0;
			};
			name = Release;
		};
		68ED325726BD2C82003053D8 /* Debug */ = {
			isa = XCBuildConfiguration;
			buildSettings = {
				ASSETCATALOG_COMPILER_APPICON_NAME = AppIcon;
				ASSETCATALOG_COMPILER_GLOBAL_ACCENT_COLOR_NAME = AccentColor;
				CLANG_CXX_LANGUAGE_STANDARD = "gnu++17";
				CODE_SIGN_STYLE = Automatic;
				CURRENT_PROJECT_VERSION = 1;
				DEVELOPMENT_TEAM = 9DJEBF62S3;
				GENERATE_INFOPLIST_FILE = YES;
				INFOPLIST_FILE = "SE-0316-global-actor/Info.plist";
				INFOPLIST_KEY_UIApplicationSupportsIndirectInputEvents = YES;
				INFOPLIST_KEY_UILaunchStoryboardName = LaunchScreen;
				INFOPLIST_KEY_UIMainStoryboardFile = Main;
				INFOPLIST_KEY_UISupportedInterfaceOrientations_iPad = "UIInterfaceOrientationPortrait UIInterfaceOrientationPortraitUpsideDown UIInterfaceOrientationLandscapeLeft UIInterfaceOrientationLandscapeRight";
				INFOPLIST_KEY_UISupportedInterfaceOrientations_iPhone = "UIInterfaceOrientationPortrait UIInterfaceOrientationLandscapeLeft UIInterfaceOrientationLandscapeRight";
				IPHONEOS_DEPLOYMENT_TARGET = 15.0;
				LD_RUNPATH_SEARCH_PATHS = (
					"$(inherited)",
					"@executable_path/Frameworks",
				);
				MARKETING_VERSION = 1.0;
				PRODUCT_BUNDLE_IDENTIFIER = "Boxue.SE-0316-global-actor";
				PRODUCT_NAME = "$(TARGET_NAME)";
				SDKROOT = iphoneos;
				SWIFT_EMIT_LOC_STRINGS = YES;
				SWIFT_VERSION = 5.0;
				TARGETED_DEVICE_FAMILY = "1,2";
			};
			name = Debug;
		};
		68ED325826BD2C82003053D8 /* Release */ = {
			isa = XCBuildConfiguration;
			buildSettings = {
				ASSETCATALOG_COMPILER_APPICON_NAME = AppIcon;
				ASSETCATALOG_COMPILER_GLOBAL_ACCENT_COLOR_NAME = AccentColor;
				CLANG_CXX_LANGUAGE_STANDARD = "gnu++17";
				CODE_SIGN_STYLE = Automatic;
				CURRENT_PROJECT_VERSION = 1;
				DEVELOPMENT_TEAM = 9DJEBF62S3;
				GENERATE_INFOPLIST_FILE = YES;
				INFOPLIST_FILE = "SE-0316-global-actor/Info.plist";
				INFOPLIST_KEY_UIApplicationSupportsIndirectInputEvents = YES;
				INFOPLIST_KEY_UILaunchStoryboardName = LaunchScreen;
				INFOPLIST_KEY_UIMainStoryboardFile = Main;
				INFOPLIST_KEY_UISupportedInterfaceOrientations_iPad = "UIInterfaceOrientationPortrait UIInterfaceOrientationPortraitUpsideDown UIInterfaceOrientationLandscapeLeft UIInterfaceOrientationLandscapeRight";
				INFOPLIST_KEY_UISupportedInterfaceOrientations_iPhone = "UIInterfaceOrientationPortrait UIInterfaceOrientationLandscapeLeft UIInterfaceOrientationLandscapeRight";
				IPHONEOS_DEPLOYMENT_TARGET = 15.0;
				LD_RUNPATH_SEARCH_PATHS = (
					"$(inherited)",
					"@executable_path/Frameworks",
				);
				MARKETING_VERSION = 1.0;
				PRODUCT_BUNDLE_IDENTIFIER = "Boxue.SE-0316-global-actor";
				PRODUCT_NAME = "$(TARGET_NAME)";
				SDKROOT = iphoneos;
				SWIFT_EMIT_LOC_STRINGS = YES;
				SWIFT_VERSION = 5.0;
				TARGETED_DEVICE_FAMILY = "1,2";
				VALIDATE_PRODUCT = YES;
			};
			name = Release;
		};
		68F5B14326B256CB003824A0 /* Debug */ = {
			isa = XCBuildConfiguration;
			buildSettings = {
				CLANG_CXX_LANGUAGE_STANDARD = "gnu++17";
				CODE_SIGN_STYLE = Automatic;
				DEVELOPMENT_TEAM = 9DJEBF62S3;
				ENABLE_HARDENED_RUNTIME = YES;
				PRODUCT_NAME = "$(TARGET_NAME)";
				SWIFT_VERSION = 5.0;
			};
			name = Debug;
		};
		68F5B14426B256CB003824A0 /* Release */ = {
			isa = XCBuildConfiguration;
			buildSettings = {
				CLANG_CXX_LANGUAGE_STANDARD = "gnu++17";
				CODE_SIGN_STYLE = Automatic;
				DEVELOPMENT_TEAM = 9DJEBF62S3;
				ENABLE_HARDENED_RUNTIME = YES;
				PRODUCT_NAME = "$(TARGET_NAME)";
				SWIFT_VERSION = 5.0;
			};
			name = Release;
		};
/* End XCBuildConfiguration section */

/* Begin XCConfigurationList section */
		680FD3072698B2E0008F3958 /* Build configuration list for PBXNativeTarget "SE-0304-task-group" */ = {
			isa = XCConfigurationList;
			buildConfigurations = (
				680FD3052698B2E0008F3958 /* Debug */,
				680FD3062698B2E0008F3958 /* Release */,
			);
			defaultConfigurationIsVisible = 0;
			defaultConfigurationName = Release;
		};
		680FD3102698B2F5008F3958 /* Build configuration list for PBXNativeTarget "SE-0304-throwing-task-group" */ = {
			isa = XCConfigurationList;
			buildConfigurations = (
				680FD3112698B2F5008F3958 /* Debug */,
				680FD3122698B2F5008F3958 /* Release */,
			);
			defaultConfigurationIsVisible = 0;
			defaultConfigurationName = Release;
		};
		680FD31B2698B4D7008F3958 /* Build configuration list for PBXNativeTarget "SE-0304-imporved-task-group" */ = {
			isa = XCConfigurationList;
			buildConfigurations = (
				680FD31C2698B4D7008F3958 /* Debug */,
				680FD31D2698B4D7008F3958 /* Release */,
			);
			defaultConfigurationIsVisible = 0;
			defaultConfigurationName = Release;
		};
		6827FC5F269A9CE300745A36 /* Build configuration list for PBXNativeTarget "SE-0304-unstructed-task" */ = {
			isa = XCConfigurationList;
			buildConfigurations = (
				6827FC60269A9CE300745A36 /* Debug */,
				6827FC61269A9CE300745A36 /* Release */,
			);
			defaultConfigurationIsVisible = 0;
			defaultConfigurationName = Release;
		};
		6827FC6C269D2E2B00745A36 /* Build configuration list for PBXNativeTarget "SE-0304-detached-task" */ = {
			isa = XCConfigurationList;
			buildConfigurations = (
				6827FC6A269D2E2B00745A36 /* Debug */,
				6827FC6B269D2E2B00745A36 /* Release */,
			);
			defaultConfigurationIsVisible = 0;
			defaultConfigurationName = Release;
		};
		6827FC75269D6B4500745A36 /* Build configuration list for PBXNativeTarget "SE-0304-detached-task-on-actors" */ = {
			isa = XCConfigurationList;
			buildConfigurations = (
				6827FC76269D6B4500745A36 /* Debug */,
				6827FC77269D6B4500745A36 /* Release */,
			);
			defaultConfigurationIsVisible = 0;
			defaultConfigurationName = Release;
		};
		6842FC082696B9DA0088AD7F /* Build configuration list for PBXProject "WhatIsNewInSwift5.5" */ = {
			isa = XCConfigurationList;
			buildConfigurations = (
				6842FC122696B9DA0088AD7F /* Debug */,
				6842FC132696B9DA0088AD7F /* Release */,
			);
			defaultConfigurationIsVisible = 0;
			defaultConfigurationName = Release;
		};
		6842FC142696B9DA0088AD7F /* Build configuration list for PBXNativeTarget "WhatIsNewInSwift5.5" */ = {
			isa = XCConfigurationList;
			buildConfigurations = (
				6842FC152696B9DA0088AD7F /* Debug */,
				6842FC162696B9DA0088AD7F /* Release */,
			);
			defaultConfigurationIsVisible = 0;
			defaultConfigurationName = Release;
		};
		684DCB0126A5292D0051C372 /* Build configuration list for PBXNativeTarget "SE-0300-continuation" */ = {
			isa = XCConfigurationList;
			buildConfigurations = (
				684DCAFF26A5292D0051C372 /* Debug */,
				684DCB0026A5292D0051C372 /* Release */,
			);
			defaultConfigurationIsVisible = 0;
			defaultConfigurationName = Release;
		};
		6861E27726AC0E7A00281A48 /* Build configuration list for PBXNativeTarget "SE-0306-sendable-closures" */ = {
			isa = XCConfigurationList;
			buildConfigurations = (
				6861E27526AC0E7A00281A48 /* Debug */,
				6861E27626AC0E7A00281A48 /* Release */,
			);
			defaultConfigurationIsVisible = 0;
			defaultConfigurationName = Release;
		};
		688492F326AABA3500937CF2 /* Build configuration list for PBXNativeTarget "SE-0306-sendable-types" */ = {
			isa = XCConfigurationList;
			buildConfigurations = (
				688492F126AABA3500937CF2 /* Debug */,
				688492F226AABA3500937CF2 /* Release */,
			);
			defaultConfigurationIsVisible = 0;
			defaultConfigurationName = Release;
		};
		6893B81826AE5DA1003E3F0D /* Build configuration list for PBXNativeTarget "SE-0306-unsafe-class-state" */ = {
			isa = XCConfigurationList;
			buildConfigurations = (
				6893B81626AE5DA1003E3F0D /* Debug */,
				6893B81726AE5DA1003E3F0D /* Release */,
			);
			defaultConfigurationIsVisible = 0;
			defaultConfigurationName = Release;
		};
		6893B82C26AFC503003E3F0D /* Build configuration list for PBXNativeTarget "SE-0306-reentrancy" */ = {
			isa = XCConfigurationList;
			buildConfigurations = (
				6893B82D26AFC503003E3F0D /* Debug */,
				6893B82E26AFC503003E3F0D /* Release */,
			);
			defaultConfigurationIsVisible = 0;
			defaultConfigurationName = Release;
		};
		68ABD54726A976BB002763E0 /* Build configuration list for PBXNativeTarget "SE-0306-safe-actor-state" */ = {
			isa = XCConfigurationList;
			buildConfigurations = (
				68ABD54826A976BB002763E0 /* Debug */,
				68ABD54926A976BB002763E0 /* Release */,
			);
			defaultConfigurationIsVisible = 0;
			defaultConfigurationName = Release;
		};
		68ED325626BD2C82003053D8 /* Build configuration list for PBXNativeTarget "SE-0316-global-actor" */ = {
			isa = XCConfigurationList;
			buildConfigurations = (
				68ED325726BD2C82003053D8 /* Debug */,
				68ED325826BD2C82003053D8 /* Release */,
			);
			defaultConfigurationIsVisible = 0;
			defaultConfigurationName = Release;
		};
		68F5B14526B256CB003824A0 /* Build configuration list for PBXNativeTarget "SE-0306-actor-isolation" */ = {
			isa = XCConfigurationList;
			buildConfigurations = (
				68F5B14326B256CB003824A0 /* Debug */,
				68F5B14426B256CB003824A0 /* Release */,
			);
			defaultConfigurationIsVisible = 0;
			defaultConfigurationName = Release;
		};
/* End XCConfigurationList section */
	};
	rootObject = 6842FC052696B9DA0088AD7F /* Project object */;
}
